
Microsoft Visual Studio Solution File, Format Version 11.00
# Visual Studio 2010
Project("{FAE04EC0-301F-11D3-BF4B-00C04F79EFBC}") = "ProjectAllocation", "ProjectAllocation\ProjectAllocation.csproj", "{CB48E69F-7A08-4D65-BD60-29C16177C1FD}"
EndProject
Project("{FAE04EC0-301F-11D3-BF4B-00C04F79EFBC}") = "ProjectAllocationFramework", "ProjectAllocationFramework\ProjectAllocationFramework.csproj", "{F344303D-2D0E-4DE6-B55E-12C8848BB4C9}"
EndProject
Project("{FAE04EC0-301F-11D3-BF4B-00C04F79EFBC}") = "ProjectAllocationResource", "ProjectAllocationResource\ProjectAllocationResource.csproj", "{5FF477A7-9A9A-4222-8A12-C8D42A6A4872}"
EndProject
Project("{FAE04EC0-301F-11D3-BF4B-00C04F79EFBC}") = "ProjectAllocationUtil", "ProjectAllocationUtil\ProjectAllocationUtil.csproj", "{4779C360-9BEE-48CE-A8F4-E5E4A785CD4C}"
EndProject
Project("{FAE04EC0-301F-11D3-BF4B-00C04F79EFBC}") = "WinFormsUI", "WinFormsUI\WinFormsUI.csproj", "{C75532C4-765B-418E-B09B-46D36B2ABDB1}"
EndProject
Project("{FAE04EC0-301F-11D3-BF4B-00C04F79EFBC}") = "Controls", "Controls\Controls.csproj", "{62067BFD-2939-4BD9-8306-ADA975D44A81}"
EndProject
Project("{FAE04EC0-301F-11D3-BF4B-00C04F79EFBC}") = "ProjectAllocationBusiness", "ProjectAllocationBusiness\ProjectAllocationBusiness.csproj", "{FFF592B4-6FD7-4132-A691-23D65914AB6C}"
EndProject
Project("{2150E333-8FDC-42A3-9474-1A3956D46DE8}") = "Lib", "Lib", "{BABD2272-B5AD-40B9-BD16-660BA1946891}"
	ProjectSection(SolutionItems) = preProject
		Lib\EntLibConfig-32.exe = Lib\EntLibConfig-32.exe
		Lib\EntLibConfig-32.exe.config = Lib\EntLibConfig-32.exe.config
		Lib\EntLibConfig.exe = Lib\EntLibConfig.exe
		Lib\EntLibConfig.exe.config = Lib\EntLibConfig.exe.config
		Lib\EntLibConfig.NET4-32.exe = Lib\EntLibConfig.NET4-32.exe
		Lib\EntLibConfig.NET4-32.exe.config = Lib\EntLibConfig.NET4-32.exe.config
		Lib\EntLibConfig.NET4.exe = Lib\EntLibConfig.NET4.exe
		Lib\EntLibConfig.NET4.exe.config = Lib\EntLibConfig.NET4.exe.config
		Lib\MergeConfiguration.exe = Lib\MergeConfiguration.exe
		Lib\Microsoft.Practices.EnterpriseLibrary.Caching.Cryptography.dll = Lib\Microsoft.Practices.EnterpriseLibrary.Caching.Cryptography.dll
		Lib\Microsoft.Practices.EnterpriseLibrary.Caching.Cryptography.xml = Lib\Microsoft.Practices.EnterpriseLibrary.Caching.Cryptography.xml
		Lib\Microsoft.Practices.EnterpriseLibrary.Caching.Database.dll = Lib\Microsoft.Practices.EnterpriseLibrary.Caching.Database.dll
		Lib\Microsoft.Practices.EnterpriseLibrary.Caching.Database.xml = Lib\Microsoft.Practices.EnterpriseLibrary.Caching.Database.xml
		Lib\Microsoft.Practices.EnterpriseLibrary.Caching.dll = Lib\Microsoft.Practices.EnterpriseLibrary.Caching.dll
		Lib\Microsoft.Practices.EnterpriseLibrary.Caching.xml = Lib\Microsoft.Practices.EnterpriseLibrary.Caching.xml
		Lib\Microsoft.Practices.EnterpriseLibrary.Common.dll = Lib\Microsoft.Practices.EnterpriseLibrary.Common.dll
		Lib\Microsoft.Practices.EnterpriseLibrary.Common.xml = Lib\Microsoft.Practices.EnterpriseLibrary.Common.xml
		Lib\Microsoft.Practices.EnterpriseLibrary.Configuration.Design.HostAdapter.dll = Lib\Microsoft.Practices.EnterpriseLibrary.Configuration.Design.HostAdapter.dll
		Lib\Microsoft.Practices.EnterpriseLibrary.Configuration.Design.HostAdapterV5.dll = Lib\Microsoft.Practices.EnterpriseLibrary.Configuration.Design.HostAdapterV5.dll
		Lib\Microsoft.Practices.EnterpriseLibrary.Configuration.Design.xml = Lib\Microsoft.Practices.EnterpriseLibrary.Configuration.Design.xml
		Lib\Microsoft.Practices.EnterpriseLibrary.Configuration.DesignTime.dll = Lib\Microsoft.Practices.EnterpriseLibrary.Configuration.DesignTime.dll
		Lib\Microsoft.Practices.EnterpriseLibrary.Configuration.DesignTime.xml = Lib\Microsoft.Practices.EnterpriseLibrary.Configuration.DesignTime.xml
		Lib\Microsoft.Practices.EnterpriseLibrary.Configuration.EnvironmentalOverrides.dll = Lib\Microsoft.Practices.EnterpriseLibrary.Configuration.EnvironmentalOverrides.dll
		Lib\Microsoft.Practices.EnterpriseLibrary.Data.dll = Lib\Microsoft.Practices.EnterpriseLibrary.Data.dll
		Lib\Microsoft.Practices.EnterpriseLibrary.Data.SqlCe.dll = Lib\Microsoft.Practices.EnterpriseLibrary.Data.SqlCe.dll
		Lib\Microsoft.Practices.EnterpriseLibrary.Data.SqlCe.xml = Lib\Microsoft.Practices.EnterpriseLibrary.Data.SqlCe.xml
		Lib\Microsoft.Practices.EnterpriseLibrary.Data.xml = Lib\Microsoft.Practices.EnterpriseLibrary.Data.xml
		Lib\Microsoft.Practices.EnterpriseLibrary.ExceptionHandling.dll = Lib\Microsoft.Practices.EnterpriseLibrary.ExceptionHandling.dll
		Lib\Microsoft.Practices.EnterpriseLibrary.ExceptionHandling.Logging.dll = Lib\Microsoft.Practices.EnterpriseLibrary.ExceptionHandling.Logging.dll
		Lib\Microsoft.Practices.EnterpriseLibrary.ExceptionHandling.Logging.xml = Lib\Microsoft.Practices.EnterpriseLibrary.ExceptionHandling.Logging.xml
		Lib\Microsoft.Practices.EnterpriseLibrary.ExceptionHandling.WCF.dll = Lib\Microsoft.Practices.EnterpriseLibrary.ExceptionHandling.WCF.dll
		Lib\Microsoft.Practices.EnterpriseLibrary.ExceptionHandling.WCF.xml = Lib\Microsoft.Practices.EnterpriseLibrary.ExceptionHandling.WCF.xml
		Lib\Microsoft.Practices.EnterpriseLibrary.ExceptionHandling.xml = Lib\Microsoft.Practices.EnterpriseLibrary.ExceptionHandling.xml
		Lib\Microsoft.Practices.EnterpriseLibrary.Logging.Database.dll = Lib\Microsoft.Practices.EnterpriseLibrary.Logging.Database.dll
		Lib\Microsoft.Practices.EnterpriseLibrary.Logging.Database.xml = Lib\Microsoft.Practices.EnterpriseLibrary.Logging.Database.xml
		Lib\Microsoft.Practices.EnterpriseLibrary.Logging.dll = Lib\Microsoft.Practices.EnterpriseLibrary.Logging.dll
		Lib\Microsoft.Practices.EnterpriseLibrary.Logging.xml = Lib\Microsoft.Practices.EnterpriseLibrary.Logging.xml
		Lib\Microsoft.Practices.EnterpriseLibrary.PolicyInjection.CallHandlers.xml = Lib\Microsoft.Practices.EnterpriseLibrary.PolicyInjection.CallHandlers.xml
		Lib\Microsoft.Practices.EnterpriseLibrary.PolicyInjection.dll = Lib\Microsoft.Practices.EnterpriseLibrary.PolicyInjection.dll
		Lib\Microsoft.Practices.EnterpriseLibrary.PolicyInjection.xml = Lib\Microsoft.Practices.EnterpriseLibrary.PolicyInjection.xml
		Lib\Microsoft.Practices.EnterpriseLibrary.Security.AzMan.dll = Lib\Microsoft.Practices.EnterpriseLibrary.Security.AzMan.dll
		Lib\Microsoft.Practices.EnterpriseLibrary.Security.AzMan.xml = Lib\Microsoft.Practices.EnterpriseLibrary.Security.AzMan.xml
		Lib\Microsoft.Practices.EnterpriseLibrary.Security.Cache.CachingStore.dll = Lib\Microsoft.Practices.EnterpriseLibrary.Security.Cache.CachingStore.dll
		Lib\Microsoft.Practices.EnterpriseLibrary.Security.Cache.CachingStore.xml = Lib\Microsoft.Practices.EnterpriseLibrary.Security.Cache.CachingStore.xml
		Lib\Microsoft.Practices.EnterpriseLibrary.Security.Cryptography.dll = Lib\Microsoft.Practices.EnterpriseLibrary.Security.Cryptography.dll
		Lib\Microsoft.Practices.EnterpriseLibrary.Security.Cryptography.xml = Lib\Microsoft.Practices.EnterpriseLibrary.Security.Cryptography.xml
		Lib\Microsoft.Practices.EnterpriseLibrary.Security.dll = Lib\Microsoft.Practices.EnterpriseLibrary.Security.dll
		Lib\Microsoft.Practices.EnterpriseLibrary.Security.xml = Lib\Microsoft.Practices.EnterpriseLibrary.Security.xml
		Lib\Microsoft.Practices.EnterpriseLibrary.Validation.dll = Lib\Microsoft.Practices.EnterpriseLibrary.Validation.dll
		Lib\Microsoft.Practices.EnterpriseLibrary.Validation.Integration.AspNet.dll = Lib\Microsoft.Practices.EnterpriseLibrary.Validation.Integration.AspNet.dll
		Lib\Microsoft.Practices.EnterpriseLibrary.Validation.Integration.AspNet.xml = Lib\Microsoft.Practices.EnterpriseLibrary.Validation.Integration.AspNet.xml
		Lib\Microsoft.Practices.EnterpriseLibrary.Validation.Integration.WCF.dll = Lib\Microsoft.Practices.EnterpriseLibrary.Validation.Integration.WCF.dll
		Lib\Microsoft.Practices.EnterpriseLibrary.Validation.Integration.WCF.xml = Lib\Microsoft.Practices.EnterpriseLibrary.Validation.Integration.WCF.xml
		Lib\Microsoft.Practices.EnterpriseLibrary.Validation.Integration.WinForms.dll = Lib\Microsoft.Practices.EnterpriseLibrary.Validation.Integration.WinForms.dll
		Lib\Microsoft.Practices.EnterpriseLibrary.Validation.Integration.WinForms.xml = Lib\Microsoft.Practices.EnterpriseLibrary.Validation.Integration.WinForms.xml
		Lib\Microsoft.Practices.EnterpriseLibrary.Validation.Integration.WPF.dll = Lib\Microsoft.Practices.EnterpriseLibrary.Validation.Integration.WPF.dll
		Lib\Microsoft.Practices.EnterpriseLibrary.Validation.Integration.WPF.xml = Lib\Microsoft.Practices.EnterpriseLibrary.Validation.Integration.WPF.xml
		Lib\Microsoft.Practices.EnterpriseLibrary.Validation.xml = Lib\Microsoft.Practices.EnterpriseLibrary.Validation.xml
		Lib\Microsoft.Practices.ServiceLocation.dll = Lib\Microsoft.Practices.ServiceLocation.dll
		Lib\Microsoft.Practices.Unity.Configuration.dll = Lib\Microsoft.Practices.Unity.Configuration.dll
		Lib\Microsoft.Practices.Unity.Configuration.xml = Lib\Microsoft.Practices.Unity.Configuration.xml
		Lib\Microsoft.Practices.Unity.dll = Lib\Microsoft.Practices.Unity.dll
		Lib\Microsoft.Practices.Unity.Interception.Configuration.dll = Lib\Microsoft.Practices.Unity.Interception.Configuration.dll
		Lib\Microsoft.Practices.Unity.Interception.Configuration.xml = Lib\Microsoft.Practices.Unity.Interception.Configuration.xml
		Lib\Microsoft.Practices.Unity.Interception.dll = Lib\Microsoft.Practices.Unity.Interception.dll
		Lib\Microsoft.Practices.Unity.Interception.xml = Lib\Microsoft.Practices.Unity.Interception.xml
		Lib\MsmqDistributor.exe = Lib\MsmqDistributor.exe
		Lib\MsmqDistributor.exe.config = Lib\MsmqDistributor.exe.config
		Lib\MsmqDistributor.xml = Lib\MsmqDistributor.xml
	EndProjectSection
EndProject
Project("{FAE04EC0-301F-11D3-BF4B-00C04F79EFBC}") = "User", "User\User.csproj", "{A97DB1C8-7C08-4ABF-A148-24A8B40F1540}"
EndProject
Project("{54435603-DBB4-11D2-8724-00A0C9A8B90C}") = "ProjectAllocationSetup", "ProjectAllocationSetup\ProjectAllocationSetup.vdproj", "{5D757067-D25C-49A0-A7AC-9FE099200B0F}"
EndProject
Project("{FAE04EC0-301F-11D3-BF4B-00C04F79EFBC}") = "ProjectAllocationLayout", "ProjectAllocationLayout\ProjectAllocationLayout.csproj", "{98F2221F-EFDA-4AF3-B9A6-5533AF97DE71}"
EndProject
Project("{FAE04EC0-301F-11D3-BF4B-00C04F79EFBC}") = "Project", "Project\Project.csproj", "{69B1277A-FF7E-4FE5-8CC5-00FF4FCD50F5}"
EndProject
Project("{FAE04EC0-301F-11D3-BF4B-00C04F79EFBC}") = "Procedure", "Procedure\Procedure.csproj", "{CFD166E8-2E33-445E-B2DF-CE6ADDF0EB93}"
EndProject
Project("{FAE04EC0-301F-11D3-BF4B-00C04F79EFBC}") = "Job", "Job\Job.csproj", "{25F347C8-BA1C-4CD9-92FE-BDA642B13768}"
EndProject
Project("{FAE04EC0-301F-11D3-BF4B-00C04F79EFBC}") = "Worker", "Worker\Worker.csproj", "{750FA924-2104-455F-BFEB-F25DDC682D26}"
EndProject
Project("{FAE04EC0-301F-11D3-BF4B-00C04F79EFBC}") = "ProjectAllocationCalc", "ProjectAllocationCalc\ProjectAllocationCalc.csproj", "{EA2BC2C9-1BB3-488A-A845-82F093EB863E}"
EndProject
Project("{FAE04EC0-301F-11D3-BF4B-00C04F79EFBC}") = "Stage", "Stage\Stage.csproj", "{A951D4E7-8BF1-4C85-9B5B-90BC8888663B}"
EndProject
Project("{FAE04EC0-301F-11D3-BF4B-00C04F79EFBC}") = "WorkerAllocationStatistics", "WorkerAllocationStatistics\WorkerAllocationStatistics.csproj", "{0E9F0B52-2367-4B62-B296-0ECEE44F0AA2}"
EndProject
Global
	GlobalSection(SolutionConfigurationPlatforms) = preSolution
		Debug|.NET = Debug|.NET
		Debug|Any CPU = Debug|Any CPU
		Debug|Mixed Platforms = Debug|Mixed Platforms
		Debug|x86 = Debug|x86
		Release|.NET = Release|.NET
		Release|Any CPU = Release|Any CPU
		Release|Mixed Platforms = Release|Mixed Platforms
		Release|x86 = Release|x86
	EndGlobalSection
	GlobalSection(ProjectConfigurationPlatforms) = postSolution
		{CB48E69F-7A08-4D65-BD60-29C16177C1FD}.Debug|.NET.ActiveCfg = Debug|x86
		{CB48E69F-7A08-4D65-BD60-29C16177C1FD}.Debug|Any CPU.ActiveCfg = Debug|x86
		{CB48E69F-7A08-4D65-BD60-29C16177C1FD}.Debug|Any CPU.Build.0 = Debug|x86
		{CB48E69F-7A08-4D65-BD60-29C16177C1FD}.Debug|Mixed Platforms.ActiveCfg = Debug|x86
		{CB48E69F-7A08-4D65-BD60-29C16177C1FD}.Debug|Mixed Platforms.Build.0 = Debug|x86
		{CB48E69F-7A08-4D65-BD60-29C16177C1FD}.Debug|x86.ActiveCfg = Debug|x86
		{CB48E69F-7A08-4D65-BD60-29C16177C1FD}.Debug|x86.Build.0 = Debug|x86
		{CB48E69F-7A08-4D65-BD60-29C16177C1FD}.Release|.NET.ActiveCfg = Release|x86
		{CB48E69F-7A08-4D65-BD60-29C16177C1FD}.Release|Any CPU.ActiveCfg = Release|x86
		{CB48E69F-7A08-4D65-BD60-29C16177C1FD}.Release|Any CPU.Build.0 = Release|x86
		{CB48E69F-7A08-4D65-BD60-29C16177C1FD}.Release|Mixed Platforms.ActiveCfg = Release|x86
		{CB48E69F-7A08-4D65-BD60-29C16177C1FD}.Release|Mixed Platforms.Build.0 = Release|x86
		{CB48E69F-7A08-4D65-BD60-29C16177C1FD}.Release|x86.ActiveCfg = Release|x86
		{CB48E69F-7A08-4D65-BD60-29C16177C1FD}.Release|x86.Build.0 = Release|x86
		{F344303D-2D0E-4DE6-B55E-12C8848BB4C9}.Debug|.NET.ActiveCfg = Debug|Any CPU
		{F344303D-2D0E-4DE6-B55E-12C8848BB4C9}.Debug|Any CPU.ActiveCfg = Debug|Any CPU
		{F344303D-2D0E-4DE6-B55E-12C8848BB4C9}.Debug|Any CPU.Build.0 = Debug|Any CPU
		{F344303D-2D0E-4DE6-B55E-12C8848BB4C9}.Debug|Mixed Platforms.ActiveCfg = Debug|Any CPU
		{F344303D-2D0E-4DE6-B55E-12C8848BB4C9}.Debug|Mixed Platforms.Build.0 = Debug|Any CPU
		{F344303D-2D0E-4DE6-B55E-12C8848BB4C9}.Debug|x86.ActiveCfg = Debug|Any CPU
		{F344303D-2D0E-4DE6-B55E-12C8848BB4C9}.Debug|x86.Build.0 = Debug|Any CPU
		{F344303D-2D0E-4DE6-B55E-12C8848BB4C9}.Release|.NET.ActiveCfg = Release|Any CPU
		{F344303D-2D0E-4DE6-B55E-12C8848BB4C9}.Release|Any CPU.ActiveCfg = Release|Any CPU
		{F344303D-2D0E-4DE6-B55E-12C8848BB4C9}.Release|Any CPU.Build.0 = Release|Any CPU
		{F344303D-2D0E-4DE6-B55E-12C8848BB4C9}.Release|Mixed Platforms.ActiveCfg = Release|Any CPU
		{F344303D-2D0E-4DE6-B55E-12C8848BB4C9}.Release|Mixed Platforms.Build.0 = Release|Any CPU
		{F344303D-2D0E-4DE6-B55E-12C8848BB4C9}.Release|x86.ActiveCfg = Release|Any CPU
		{F344303D-2D0E-4DE6-B55E-12C8848BB4C9}.Release|x86.Build.0 = Release|Any CPU
		{5FF477A7-9A9A-4222-8A12-C8D42A6A4872}.Debug|.NET.ActiveCfg = Debug|Any CPU
		{5FF477A7-9A9A-4222-8A12-C8D42A6A4872}.Debug|Any CPU.ActiveCfg = Debug|Any CPU
		{5FF477A7-9A9A-4222-8A12-C8D42A6A4872}.Debug|Any CPU.Build.0 = Debug|Any CPU
		{5FF477A7-9A9A-4222-8A12-C8D42A6A4872}.Debug|Mixed Platforms.ActiveCfg = Debug|Any CPU
		{5FF477A7-9A9A-4222-8A12-C8D42A6A4872}.Debug|Mixed Platforms.Build.0 = Debug|Any CPU
		{5FF477A7-9A9A-4222-8A12-C8D42A6A4872}.Debug|x86.ActiveCfg = Debug|Any CPU
		{5FF477A7-9A9A-4222-8A12-C8D42A6A4872}.Debug|x86.Build.0 = Debug|Any CPU
		{5FF477A7-9A9A-4222-8A12-C8D42A6A4872}.Release|.NET.ActiveCfg = Release|Any CPU
		{5FF477A7-9A9A-4222-8A12-C8D42A6A4872}.Release|Any CPU.ActiveCfg = Release|Any CPU
		{5FF477A7-9A9A-4222-8A12-C8D42A6A4872}.Release|Any CPU.Build.0 = Release|Any CPU
		{5FF477A7-9A9A-4222-8A12-C8D42A6A4872}.Release|Mixed Platforms.ActiveCfg = Release|Any CPU
		{5FF477A7-9A9A-4222-8A12-C8D42A6A4872}.Release|Mixed Platforms.Build.0 = Release|Any CPU
		{5FF477A7-9A9A-4222-8A12-C8D42A6A4872}.Release|x86.ActiveCfg = Release|Any CPU
		{5FF477A7-9A9A-4222-8A12-C8D42A6A4872}.Release|x86.Build.0 = Release|Any CPU
		{4779C360-9BEE-48CE-A8F4-E5E4A785CD4C}.Debug|.NET.ActiveCfg = Debug|Any CPU
		{4779C360-9BEE-48CE-A8F4-E5E4A785CD4C}.Debug|Any CPU.ActiveCfg = Debug|Any CPU
		{4779C360-9BEE-48CE-A8F4-E5E4A785CD4C}.Debug|Any CPU.Build.0 = Debug|Any CPU
		{4779C360-9BEE-48CE-A8F4-E5E4A785CD4C}.Debug|Mixed Platforms.ActiveCfg = Debug|Any CPU
		{4779C360-9BEE-48CE-A8F4-E5E4A785CD4C}.Debug|Mixed Platforms.Build.0 = Debug|Any CPU
		{4779C360-9BEE-48CE-A8F4-E5E4A785CD4C}.Debug|x86.ActiveCfg = Debug|Any CPU
		{4779C360-9BEE-48CE-A8F4-E5E4A785CD4C}.Debug|x86.Build.0 = Debug|Any CPU
		{4779C360-9BEE-48CE-A8F4-E5E4A785CD4C}.Release|.NET.ActiveCfg = Release|Any CPU
		{4779C360-9BEE-48CE-A8F4-E5E4A785CD4C}.Release|Any CPU.ActiveCfg = Release|Any CPU
		{4779C360-9BEE-48CE-A8F4-E5E4A785CD4C}.Release|Any CPU.Build.0 = Release|Any CPU
		{4779C360-9BEE-48CE-A8F4-E5E4A785CD4C}.Release|Mixed Platforms.ActiveCfg = Release|Any CPU
		{4779C360-9BEE-48CE-A8F4-E5E4A785CD4C}.Release|Mixed Platforms.Build.0 = Release|Any CPU
		{4779C360-9BEE-48CE-A8F4-E5E4A785CD4C}.Release|x86.ActiveCfg = Release|Any CPU
		{4779C360-9BEE-48CE-A8F4-E5E4A785CD4C}.Release|x86.Build.0 = Release|Any CPU
		{C75532C4-765B-418E-B09B-46D36B2ABDB1}.Debug|.NET.ActiveCfg = Debug|Any CPU
		{C75532C4-765B-418E-B09B-46D36B2ABDB1}.Debug|Any CPU.ActiveCfg = Debug|Any CPU
		{C75532C4-765B-418E-B09B-46D36B2ABDB1}.Debug|Any CPU.Build.0 = Debug|Any CPU
		{C75532C4-765B-418E-B09B-46D36B2ABDB1}.Debug|Mixed Platforms.ActiveCfg = Debug|Any CPU
		{C75532C4-765B-418E-B09B-46D36B2ABDB1}.Debug|Mixed Platforms.Build.0 = Debug|Any CPU
		{C75532C4-765B-418E-B09B-46D36B2ABDB1}.Debug|x86.ActiveCfg = Debug|Any CPU
		{C75532C4-765B-418E-B09B-46D36B2ABDB1}.Debug|x86.Build.0 = Debug|Any CPU
		{C75532C4-765B-418E-B09B-46D36B2ABDB1}.Release|.NET.ActiveCfg = Release|Any CPU
		{C75532C4-765B-418E-B09B-46D36B2ABDB1}.Release|Any CPU.ActiveCfg = Release|Any CPU
		{C75532C4-765B-418E-B09B-46D36B2ABDB1}.Release|Any CPU.Build.0 = Release|Any CPU
		{C75532C4-765B-418E-B09B-46D36B2ABDB1}.Release|Mixed Platforms.ActiveCfg = Release|Any CPU
		{C75532C4-765B-418E-B09B-46D36B2ABDB1}.Release|Mixed Platforms.Build.0 = Release|Any CPU
		{C75532C4-765B-418E-B09B-46D36B2ABDB1}.Release|x86.ActiveCfg = Release|Any CPU
		{C75532C4-765B-418E-B09B-46D36B2ABDB1}.Release|x86.Build.0 = Release|Any CPU
		{62067BFD-2939-4BD9-8306-ADA975D44A81}.Debug|.NET.ActiveCfg = Debug|Any CPU
		{62067BFD-2939-4BD9-8306-ADA975D44A81}.Debug|Any CPU.ActiveCfg = Debug|Any CPU
		{62067BFD-2939-4BD9-8306-ADA975D44A81}.Debug|Any CPU.Build.0 = Debug|Any CPU
		{62067BFD-2939-4BD9-8306-ADA975D44A81}.Debug|Mixed Platforms.ActiveCfg = Debug|Any CPU
		{62067BFD-2939-4BD9-8306-ADA975D44A81}.Debug|Mixed Platforms.Build.0 = Debug|Any CPU
		{62067BFD-2939-4BD9-8306-ADA975D44A81}.Debug|x86.ActiveCfg = Debug|Any CPU
		{62067BFD-2939-4BD9-8306-ADA975D44A81}.Debug|x86.Build.0 = Debug|Any CPU
		{62067BFD-2939-4BD9-8306-ADA975D44A81}.Release|.NET.ActiveCfg = Release|Any CPU
		{62067BFD-2939-4BD9-8306-ADA975D44A81}.Release|Any CPU.ActiveCfg = Release|Any CPU
		{62067BFD-2939-4BD9-8306-ADA975D44A81}.Release|Any CPU.Build.0 = Release|Any CPU
		{62067BFD-2939-4BD9-8306-ADA975D44A81}.Release|Mixed Platforms.ActiveCfg = Release|Any CPU
		{62067BFD-2939-4BD9-8306-ADA975D44A81}.Release|Mixed Platforms.Build.0 = Release|Any CPU
		{62067BFD-2939-4BD9-8306-ADA975D44A81}.Release|x86.ActiveCfg = Release|Any CPU
		{62067BFD-2939-4BD9-8306-ADA975D44A81}.Release|x86.Build.0 = Release|Any CPU
		{FFF592B4-6FD7-4132-A691-23D65914AB6C}.Debug|.NET.ActiveCfg = Debug|Any CPU
		{FFF592B4-6FD7-4132-A691-23D65914AB6C}.Debug|Any CPU.ActiveCfg = Debug|Any CPU
		{FFF592B4-6FD7-4132-A691-23D65914AB6C}.Debug|Any CPU.Build.0 = Debug|Any CPU
		{FFF592B4-6FD7-4132-A691-23D65914AB6C}.Debug|Mixed Platforms.ActiveCfg = Debug|Any CPU
		{FFF592B4-6FD7-4132-A691-23D65914AB6C}.Debug|Mixed Platforms.Build.0 = Debug|Any CPU
		{FFF592B4-6FD7-4132-A691-23D65914AB6C}.Debug|x86.ActiveCfg = Debug|Any CPU
		{FFF592B4-6FD7-4132-A691-23D65914AB6C}.Debug|x86.Build.0 = Debug|Any CPU
		{FFF592B4-6FD7-4132-A691-23D65914AB6C}.Release|.NET.ActiveCfg = Release|Any CPU
		{FFF592B4-6FD7-4132-A691-23D65914AB6C}.Release|Any CPU.ActiveCfg = Release|Any CPU
		{FFF592B4-6FD7-4132-A691-23D65914AB6C}.Release|Any CPU.Build.0 = Release|Any CPU
		{FFF592B4-6FD7-4132-A691-23D65914AB6C}.Release|Mixed Platforms.ActiveCfg = Release|Any CPU
		{FFF592B4-6FD7-4132-A691-23D65914AB6C}.Release|Mixed Platforms.Build.0 = Release|Any CPU
		{FFF592B4-6FD7-4132-A691-23D65914AB6C}.Release|x86.ActiveCfg = Release|Any CPU
		{FFF592B4-6FD7-4132-A691-23D65914AB6C}.Release|x86.Build.0 = Release|Any CPU
		{A97DB1C8-7C08-4ABF-A148-24A8B40F1540}.Debug|.NET.ActiveCfg = Debug|Any CPU
		{A97DB1C8-7C08-4ABF-A148-24A8B40F1540}.Debug|Any CPU.ActiveCfg = Debug|Any CPU
		{A97DB1C8-7C08-4ABF-A148-24A8B40F1540}.Debug|Any CPU.Build.0 = Debug|Any CPU
		{A97DB1C8-7C08-4ABF-A148-24A8B40F1540}.Debug|Mixed Platforms.ActiveCfg = Debug|Any CPU
		{A97DB1C8-7C08-4ABF-A148-24A8B40F1540}.Debug|Mixed Platforms.Build.0 = Debug|Any CPU
		{A97DB1C8-7C08-4ABF-A148-24A8B40F1540}.Debug|x86.ActiveCfg = Debug|Any CPU
		{A97DB1C8-7C08-4ABF-A148-24A8B40F1540}.Debug|x86.Build.0 = Debug|Any CPU
		{A97DB1C8-7C08-4ABF-A148-24A8B40F1540}.Release|.NET.ActiveCfg = Release|Any CPU
		{A97DB1C8-7C08-4ABF-A148-24A8B40F1540}.Release|Any CPU.ActiveCfg = Release|Any CPU
		{A97DB1C8-7C08-4ABF-A148-24A8B40F1540}.Release|Any CPU.Build.0 = Release|Any CPU
		{A97DB1C8-7C08-4ABF-A148-24A8B40F1540}.Release|Mixed Platforms.ActiveCfg = Release|Any CPU
		{A97DB1C8-7C08-4ABF-A148-24A8B40F1540}.Release|Mixed Platforms.Build.0 = Release|Any CPU
		{A97DB1C8-7C08-4ABF-A148-24A8B40F1540}.Release|x86.ActiveCfg = Release|Any CPU
		{A97DB1C8-7C08-4ABF-A148-24A8B40F1540}.Release|x86.Build.0 = Release|Any CPU
		{5D757067-D25C-49A0-A7AC-9FE099200B0F}.Debug|.NET.ActiveCfg = Debug
		{5D757067-D25C-49A0-A7AC-9FE099200B0F}.Debug|Any CPU.ActiveCfg = Debug
		{5D757067-D25C-49A0-A7AC-9FE099200B0F}.Debug|Mixed Platforms.ActiveCfg = Debug
		{5D757067-D25C-49A0-A7AC-9FE099200B0F}.Debug|x86.ActiveCfg = Debug
		{5D757067-D25C-49A0-A7AC-9FE099200B0F}.Release|.NET.ActiveCfg = Release
		{5D757067-D25C-49A0-A7AC-9FE099200B0F}.Release|Any CPU.ActiveCfg = Release
		{5D757067-D25C-49A0-A7AC-9FE099200B0F}.Release|Mixed Platforms.ActiveCfg = Release
		{5D757067-D25C-49A0-A7AC-9FE099200B0F}.Release|x86.ActiveCfg = Release
		{98F2221F-EFDA-4AF3-B9A6-5533AF97DE71}.Debug|.NET.ActiveCfg = Debug|Any CPU
		{98F2221F-EFDA-4AF3-B9A6-5533AF97DE71}.Debug|Any CPU.ActiveCfg = Debug|Any CPU
		{98F2221F-EFDA-4AF3-B9A6-5533AF97DE71}.Debug|Any CPU.Build.0 = Debug|Any CPU
		{98F2221F-EFDA-4AF3-B9A6-5533AF97DE71}.Debug|Mixed Platforms.ActiveCfg = Debug|Any CPU
		{98F2221F-EFDA-4AF3-B9A6-5533AF97DE71}.Debug|Mixed Platforms.Build.0 = Debug|Any CPU
		{98F2221F-EFDA-4AF3-B9A6-5533AF97DE71}.Debug|x86.ActiveCfg = Debug|Any CPU
		{98F2221F-EFDA-4AF3-B9A6-5533AF97DE71}.Release|.NET.ActiveCfg = Release|Any CPU
		{98F2221F-EFDA-4AF3-B9A6-5533AF97DE71}.Release|Any CPU.ActiveCfg = Release|Any CPU
		{98F2221F-EFDA-4AF3-B9A6-5533AF97DE71}.Release|Any CPU.Build.0 = Release|Any CPU
		{98F2221F-EFDA-4AF3-B9A6-5533AF97DE71}.Release|Mixed Platforms.ActiveCfg = Release|Any CPU
		{98F2221F-EFDA-4AF3-B9A6-5533AF97DE71}.Release|Mixed Platforms.Build.0 = Release|Any CPU
		{98F2221F-EFDA-4AF3-B9A6-5533AF97DE71}.Release|x86.ActiveCfg = Release|Any CPU
		{69B1277A-FF7E-4FE5-8CC5-00FF4FCD50F5}.Debug|.NET.ActiveCfg = Debug|Any CPU
		{69B1277A-FF7E-4FE5-8CC5-00FF4FCD50F5}.Debug|Any CPU.ActiveCfg = Debug|Any CPU
		{69B1277A-FF7E-4FE5-8CC5-00FF4FCD50F5}.Debug|Any CPU.Build.0 = Debug|Any CPU
		{69B1277A-FF7E-4FE5-8CC5-00FF4FCD50F5}.Debug|Mixed Platforms.ActiveCfg = Debug|Any CPU
		{69B1277A-FF7E-4FE5-8CC5-00FF4FCD50F5}.Debug|Mixed Platforms.Build.0 = Debug|Any CPU
		{69B1277A-FF7E-4FE5-8CC5-00FF4FCD50F5}.Debug|x86.ActiveCfg = Debug|Any CPU
		{69B1277A-FF7E-4FE5-8CC5-00FF4FCD50F5}.Release|.NET.ActiveCfg = Release|Any CPU
		{69B1277A-FF7E-4FE5-8CC5-00FF4FCD50F5}.Release|Any CPU.ActiveCfg = Release|Any CPU
		{69B1277A-FF7E-4FE5-8CC5-00FF4FCD50F5}.Release|Any CPU.Build.0 = Release|Any CPU
		{69B1277A-FF7E-4FE5-8CC5-00FF4FCD50F5}.Release|Mixed Platforms.ActiveCfg = Release|Any CPU
		{69B1277A-FF7E-4FE5-8CC5-00FF4FCD50F5}.Release|Mixed Platforms.Build.0 = Release|Any CPU
		{69B1277A-FF7E-4FE5-8CC5-00FF4FCD50F5}.Release|x86.ActiveCfg = Release|Any CPU
		{CFD166E8-2E33-445E-B2DF-CE6ADDF0EB93}.Debug|.NET.ActiveCfg = Debug|Any CPU
		{CFD166E8-2E33-445E-B2DF-CE6ADDF0EB93}.Debug|Any CPU.ActiveCfg = Debug|Any CPU
		{CFD166E8-2E33-445E-B2DF-CE6ADDF0EB93}.Debug|Any CPU.Build.0 = Debug|Any CPU
		{CFD166E8-2E33-445E-B2DF-CE6ADDF0EB93}.Debug|Mixed Platforms.ActiveCfg = Debug|Any CPU
		{CFD166E8-2E33-445E-B2DF-CE6ADDF0EB93}.Debug|Mixed Platforms.Build.0 = Debug|Any CPU
		{CFD166E8-2E33-445E-B2DF-CE6ADDF0EB93}.Debug|x86.ActiveCfg = Debug|Any CPU
		{CFD166E8-2E33-445E-B2DF-CE6ADDF0EB93}.Release|.NET.ActiveCfg = Release|Any CPU
		{CFD166E8-2E33-445E-B2DF-CE6ADDF0EB93}.Release|Any CPU.ActiveCfg = Release|Any CPU
		{CFD166E8-2E33-445E-B2DF-CE6ADDF0EB93}.Release|Any CPU.Build.0 = Release|Any CPU
		{CFD166E8-2E33-445E-B2DF-CE6ADDF0EB93}.Release|Mixed Platforms.ActiveCfg = Release|Any CPU
		{CFD166E8-2E33-445E-B2DF-CE6ADDF0EB93}.Release|Mixed Platforms.Build.0 = Release|Any CPU
		{CFD166E8-2E33-445E-B2DF-CE6ADDF0EB93}.Release|x86.ActiveCfg = Release|Any CPU
		{25F347C8-BA1C-4CD9-92FE-BDA642B13768}.Debug|.NET.ActiveCfg = Debug|Any CPU
		{25F347C8-BA1C-4CD9-92FE-BDA642B13768}.Debug|Any CPU.ActiveCfg = Debug|Any CPU
		{25F347C8-BA1C-4CD9-92FE-BDA642B13768}.Debug|Any CPU.Build.0 = Debug|Any CPU
		{25F347C8-BA1C-4CD9-92FE-BDA642B13768}.Debug|Mixed Platforms.ActiveCfg = Debug|Any CPU
		{25F347C8-BA1C-4CD9-92FE-BDA642B13768}.Debug|Mixed Platforms.Build.0 = Debug|Any CPU
		{25F347C8-BA1C-4CD9-92FE-BDA642B13768}.Debug|x86.ActiveCfg = Debug|Any CPU
		{25F347C8-BA1C-4CD9-92FE-BDA642B13768}.Release|.NET.ActiveCfg = Release|Any CPU
		{25F347C8-BA1C-4CD9-92FE-BDA642B13768}.Release|Any CPU.ActiveCfg = Release|Any CPU
		{25F347C8-BA1C-4CD9-92FE-BDA642B13768}.Release|Any CPU.Build.0 = Release|Any CPU
		{25F347C8-BA1C-4CD9-92FE-BDA642B13768}.Release|Mixed Platforms.ActiveCfg = Release|Any CPU
		{25F347C8-BA1C-4CD9-92FE-BDA642B13768}.Release|Mixed Platforms.Build.0 = Release|Any CPU
		{25F347C8-BA1C-4CD9-92FE-BDA642B13768}.Release|x86.ActiveCfg = Release|Any CPU
		{750FA924-2104-455F-BFEB-F25DDC682D26}.Debug|.NET.ActiveCfg = Debug|Any CPU
		{750FA924-2104-455F-BFEB-F25DDC682D26}.Debug|Any CPU.ActiveCfg = Debug|Any CPU
		{750FA924-2104-455F-BFEB-F25DDC682D26}.Debug|Any CPU.Build.0 = Debug|Any CPU
		{750FA924-2104-455F-BFEB-F25DDC682D26}.Debug|Mixed Platforms.ActiveCfg = Debug|Any CPU
		{750FA924-2104-455F-BFEB-F25DDC682D26}.Debug|Mixed Platforms.Build.0 = Debug|Any CPU
		{750FA924-2104-455F-BFEB-F25DDC682D26}.Debug|x86.ActiveCfg = Debug|Any CPU
		{750FA924-2104-455F-BFEB-F25DDC682D26}.Release|.NET.ActiveCfg = Release|Any CPU
		{750FA924-2104-455F-BFEB-F25DDC682D26}.Release|Any CPU.ActiveCfg = Release|Any CPU
		{750FA924-2104-455F-BFEB-F25DDC682D26}.Release|Any CPU.Build.0 = Release|Any CPU
		{750FA924-2104-455F-BFEB-F25DDC682D26}.Release|Mixed Platforms.ActiveCfg = Release|Any CPU
		{750FA924-2104-455F-BFEB-F25DDC682D26}.Release|Mixed Platforms.Build.0 = Release|Any CPU
		{750FA924-2104-455F-BFEB-F25DDC682D26}.Release|x86.ActiveCfg = Release|Any CPU
		{EA2BC2C9-1BB3-488A-A845-82F093EB863E}.Debug|.NET.ActiveCfg = Debug|Any CPU
		{EA2BC2C9-1BB3-488A-A845-82F093EB863E}.Debug|Any CPU.ActiveCfg = Debug|Any CPU
		{EA2BC2C9-1BB3-488A-A845-82F093EB863E}.Debug|Any CPU.Build.0 = Debug|Any CPU
		{EA2BC2C9-1BB3-488A-A845-82F093EB863E}.Debug|Mixed Platforms.ActiveCfg = Debug|Any CPU
		{EA2BC2C9-1BB3-488A-A845-82F093EB863E}.Debug|Mixed Platforms.Build.0 = Debug|Any CPU
		{EA2BC2C9-1BB3-488A-A845-82F093EB863E}.Debug|x86.ActiveCfg = Debug|Any CPU
		{EA2BC2C9-1BB3-488A-A845-82F093EB863E}.Release|.NET.ActiveCfg = Release|Any CPU
		{EA2BC2C9-1BB3-488A-A845-82F093EB863E}.Release|Any CPU.ActiveCfg = Release|Any CPU
		{EA2BC2C9-1BB3-488A-A845-82F093EB863E}.Release|Any CPU.Build.0 = Release|Any CPU
		{EA2BC2C9-1BB3-488A-A845-82F093EB863E}.Release|Mixed Platforms.ActiveCfg = Release|Any CPU
		{EA2BC2C9-1BB3-488A-A845-82F093EB863E}.Release|Mixed Platforms.Build.0 = Release|Any CPU
		{EA2BC2C9-1BB3-488A-A845-82F093EB863E}.Release|x86.ActiveCfg = Release|Any CPU
		{A951D4E7-8BF1-4C85-9B5B-90BC8888663B}.Debug|.NET.ActiveCfg = Debug|Any CPU
		{A951D4E7-8BF1-4C85-9B5B-90BC8888663B}.Debug|Any CPU.ActiveCfg = Debug|Any CPU
		{A951D4E7-8BF1-4C85-9B5B-90BC8888663B}.Debug|Any CPU.Build.0 = Debug|Any CPU
		{A951D4E7-8BF1-4C85-9B5B-90BC8888663B}.Debug|Mixed Platforms.ActiveCfg = Debug|Any CPU
		{A951D4E7-8BF1-4C85-9B5B-90BC8888663B}.Debug|Mixed Platforms.Build.0 = Debug|Any CPU
		{A951D4E7-8BF1-4C85-9B5B-90BC8888663B}.Debug|x86.ActiveCfg = Debug|Any CPU
		{A951D4E7-8BF1-4C85-9B5B-90BC8888663B}.Release|.NET.ActiveCfg = Release|Any CPU
		{A951D4E7-8BF1-4C85-9B5B-90BC8888663B}.Release|Any CPU.ActiveCfg = Release|Any CPU
		{A951D4E7-8BF1-4C85-9B5B-90BC8888663B}.Release|Any CPU.Build.0 = Release|Any CPU
		{A951D4E7-8BF1-4C85-9B5B-90BC8888663B}.Release|Mixed Platforms.ActiveCfg = Release|Any CPU
		{A951D4E7-8BF1-4C85-9B5B-90BC8888663B}.Release|Mixed Platforms.Build.0 = Release|Any CPU
		{A951D4E7-8BF1-4C85-9B5B-90BC8888663B}.Release|x86.ActiveCfg = Release|Any CPU
		{0E9F0B52-2367-4B62-B296-0ECEE44F0AA2}.Debug|.NET.ActiveCfg = Debug|Any CPU
		{0E9F0B52-2367-4B62-B296-0ECEE44F0AA2}.Debug|Any CPU.ActiveCfg = Debug|Any CPU
		{0E9F0B52-2367-4B62-B296-0ECEE44F0AA2}.Debug|Any CPU.Build.0 = Debug|Any CPU
		{0E9F0B52-2367-4B62-B296-0ECEE44F0AA2}.Debug|Mixed Platforms.ActiveCfg = Debug|Any CPU
		{0E9F0B52-2367-4B62-B296-0ECEE44F0AA2}.Debug|Mixed Platforms.Build.0 = Debug|Any CPU
		{0E9F0B52-2367-4B62-B296-0ECEE44F0AA2}.Debug|x86.ActiveCfg = Debug|Any CPU
		{0E9F0B52-2367-4B62-B296-0ECEE44F0AA2}.Release|.NET.ActiveCfg = Release|Any CPU
		{0E9F0B52-2367-4B62-B296-0ECEE44F0AA2}.Release|Any CPU.ActiveCfg = Release|Any CPU
		{0E9F0B52-2367-4B62-B296-0ECEE44F0AA2}.Release|Any CPU.Build.0 = Release|Any CPU
		{0E9F0B52-2367-4B62-B296-0ECEE44F0AA2}.Release|Mixed Platforms.ActiveCfg = Release|Any CPU
		{0E9F0B52-2367-4B62-B296-0ECEE44F0AA2}.Release|Mixed Platforms.Build.0 = Release|Any CPU
		{0E9F0B52-2367-4B62-B296-0ECEE44F0AA2}.Release|x86.ActiveCfg = Release|Any CPU
	EndGlobalSection
	GlobalSection(SolutionProperties) = preSolution
		HideSolutionNode = FALSE
	EndGlobalSection
	GlobalSection(TextTemplating) = postSolution
		TextTemplating = 1
	EndGlobalSection
EndGlobal
